
Microsoft Visual Studio Solution File, Format Version 12.00
# Visual Studio Version 16
VisualStudioVersion = 16.0.32002.261
MinimumVisualStudioVersion = 10.0.40219.1
Project("{FAE04EC0-301F-11D3-BF4B-00C04F79EFBC}") = "FinalPractice", "FinalPractice.csproj", "{265816B4-6355-41F5-BEF0-28928BB1FA84}"
EndProject
Global
	GlobalSection(SolutionConfigurationPlatforms) = preSolution
		Debug|Any CPU = Debug|Any CPU
		Release|Any CPU = Release|Any CPU
	EndGlobalSection
	GlobalSection(ProjectConfigurationPlatforms) = postSolution
		{265816B4-6355-41F5-BEF0-28928BB1FA84}.Debug|Any CPU.ActiveCfg = Debug|Any CPU
		{265816B4-6355-41F5-BEF0-28928BB1FA84}.Debug|Any CPU.Build.0 = Debug|Any CPU
		{265816B4-6355-41F5-BEF0-28928BB1FA84}.Release|Any CPU.ActiveCfg = Release|Any CPU
		{265816B4-6355-41F5-BEF0-28928BB1FA84}.Release|Any CPU.Build.0 = Release|Any CPU
	EndGlobalSection
	GlobalSection(SolutionProperties) = preSolution
		HideSolutionNode = FALSE
	EndGlobalSection
	GlobalSection(ExtensibilityGlobals) = postSolution
		SolutionGuid = {D19AFA4C-0098-4858-885F-49E4873A7FEB}
	EndGlobalSection
EndGlobal
